
Microsoft Visual Studio Solution File, Format Version 12.00
# Visual Studio Version 17
VisualStudioVersion = 17.14.36301.6 d17.14
MinimumVisualStudioVersion = 10.0.40219.1
Project("{FAE04EC0-301F-11D3-BF4B-00C04F79EFBC}") = "MiniPay", "MiniPay\MiniPay.csproj", "{44DE9985-6D04-45EB-B585-813A92E81655}"
EndProject
Global
	GlobalSection(SolutionConfigurationPlatforms) = preSolution
		Debug|Any CPU = Debug|Any CPU
		Release|Any CPU = Release|Any CPU
	EndGlobalSection
	GlobalSection(ProjectConfigurationPlatforms) = postSolution
		{44DE9985-6D04-45EB-B585-813A92E81655}.Debug|Any CPU.ActiveCfg = Debug|Any CPU
		{44DE9985-6D04-45EB-B585-813A92E81655}.Debug|Any CPU.Build.0 = Debug|Any CPU
		{44DE9985-6D04-45EB-B585-813A92E81655}.Release|Any CPU.ActiveCfg = Release|Any CPU
		{44DE9985-6D04-45EB-B585-813A92E81655}.Release|Any CPU.Build.0 = Release|Any CPU
	EndGlobalSection
	GlobalSection(SolutionProperties) = preSolution
		HideSolutionNode = FALSE
	EndGlobalSection
	GlobalSection(ExtensibilityGlobals) = postSolution
		SolutionGuid = {B6B43EE0-94CE-4C6C-9DC9-7D3517BA7925}
	EndGlobalSection
EndGlobal
